
Microsoft Visual Studio Solution File, Format Version 12.00
# Visual Studio 2012
Project("{FAE04EC0-301F-11D3-BF4B-00C04F79EFBC}") = "WeigandGenerator", "WeigandGenerator\WeigandGenerator.csproj", "{AF306C5E-FBA9-4768-89A0-8050E745A7F9}"
EndProject
Project("{FAE04EC0-301F-11D3-BF4B-00C04F79EFBC}") = "WeigandLib", "WeigandLib\WeigandLib.csproj", "{903B8B68-6171-43C8-B063-B26A8FB4E444}"
EndProject
Project("{FAE04EC0-301F-11D3-BF4B-00C04F79EFBC}") = "winappTestWiegand", "winappTestWiegand\winappTestWiegand.csproj", "{D16BCBEA-4E9F-4EFC-AF43-049AC659DB8D}"
EndProject
Project("{FAE04EC0-301F-11D3-BF4B-00C04F79EFBC}") = "WiegandLibWP8", "WiegandLibWP8\WiegandLibWP8.csproj", "{2FEC2B84-1705-4E4D-B2B1-658E7CE67425}"
EndProject
Project("{FAE04EC0-301F-11D3-BF4B-00C04F79EFBC}") = "wp8WiegandCalculator", "wp8WiegandCalculator\wp8WiegandCalculator.csproj", "{21BEC963-7B0E-4CA5-A7D7-FA62983B1860}"
EndProject
Project("{FAE04EC0-301F-11D3-BF4B-00C04F79EFBC}") = "winappWiegandCalculator", "winappWiegandCalculator\winappWiegandCalculator.csproj", "{4BDD7F10-238D-4915-8CE2-D53FCD69CD74}"
EndProject
Global
	GlobalSection(SolutionConfigurationPlatforms) = preSolution
		Debug|Any CPU = Debug|Any CPU
		Debug|ARM = Debug|ARM
		Debug|x64 = Debug|x64
		Debug|x86 = Debug|x86
		Release|Any CPU = Release|Any CPU
		Release|ARM = Release|ARM
		Release|x64 = Release|x64
		Release|x86 = Release|x86
	EndGlobalSection
	GlobalSection(ProjectConfigurationPlatforms) = postSolution
		{AF306C5E-FBA9-4768-89A0-8050E745A7F9}.Debug|Any CPU.ActiveCfg = Debug|Any CPU
		{AF306C5E-FBA9-4768-89A0-8050E745A7F9}.Debug|Any CPU.Build.0 = Debug|Any CPU
		{AF306C5E-FBA9-4768-89A0-8050E745A7F9}.Debug|ARM.ActiveCfg = Debug|Any CPU
		{AF306C5E-FBA9-4768-89A0-8050E745A7F9}.Debug|x64.ActiveCfg = Debug|Any CPU
		{AF306C5E-FBA9-4768-89A0-8050E745A7F9}.Debug|x86.ActiveCfg = Debug|Any CPU
		{AF306C5E-FBA9-4768-89A0-8050E745A7F9}.Release|Any CPU.ActiveCfg = Release|Any CPU
		{AF306C5E-FBA9-4768-89A0-8050E745A7F9}.Release|Any CPU.Build.0 = Release|Any CPU
		{AF306C5E-FBA9-4768-89A0-8050E745A7F9}.Release|ARM.ActiveCfg = Release|Any CPU
		{AF306C5E-FBA9-4768-89A0-8050E745A7F9}.Release|x64.ActiveCfg = Release|Any CPU
		{AF306C5E-FBA9-4768-89A0-8050E745A7F9}.Release|x86.ActiveCfg = Release|Any CPU
		{903B8B68-6171-43C8-B063-B26A8FB4E444}.Debug|Any CPU.ActiveCfg = Debug|Any CPU
		{903B8B68-6171-43C8-B063-B26A8FB4E444}.Debug|Any CPU.Build.0 = Debug|Any CPU
		{903B8B68-6171-43C8-B063-B26A8FB4E444}.Debug|ARM.ActiveCfg = Debug|ARM
		{903B8B68-6171-43C8-B063-B26A8FB4E444}.Debug|ARM.Build.0 = Debug|ARM
		{903B8B68-6171-43C8-B063-B26A8FB4E444}.Debug|x64.ActiveCfg = Debug|x64
		{903B8B68-6171-43C8-B063-B26A8FB4E444}.Debug|x64.Build.0 = Debug|x64
		{903B8B68-6171-43C8-B063-B26A8FB4E444}.Debug|x86.ActiveCfg = Debug|x86
		{903B8B68-6171-43C8-B063-B26A8FB4E444}.Debug|x86.Build.0 = Debug|x86
		{903B8B68-6171-43C8-B063-B26A8FB4E444}.Release|Any CPU.ActiveCfg = Release|Any CPU
		{903B8B68-6171-43C8-B063-B26A8FB4E444}.Release|Any CPU.Build.0 = Release|Any CPU
		{903B8B68-6171-43C8-B063-B26A8FB4E444}.Release|ARM.ActiveCfg = Release|ARM
		{903B8B68-6171-43C8-B063-B26A8FB4E444}.Release|ARM.Build.0 = Release|ARM
		{903B8B68-6171-43C8-B063-B26A8FB4E444}.Release|x64.ActiveCfg = Release|x64
		{903B8B68-6171-43C8-B063-B26A8FB4E444}.Release|x64.Build.0 = Release|x64
		{903B8B68-6171-43C8-B063-B26A8FB4E444}.Release|x86.ActiveCfg = Release|x86
		{903B8B68-6171-43C8-B063-B26A8FB4E444}.Release|x86.Build.0 = Release|x86
		{D16BCBEA-4E9F-4EFC-AF43-049AC659DB8D}.Debug|Any CPU.ActiveCfg = Debug|Any CPU
		{D16BCBEA-4E9F-4EFC-AF43-049AC659DB8D}.Debug|Any CPU.Build.0 = Debug|Any CPU
		{D16BCBEA-4E9F-4EFC-AF43-049AC659DB8D}.Debug|Any CPU.Deploy.0 = Debug|Any CPU
		{D16BCBEA-4E9F-4EFC-AF43-049AC659DB8D}.Debug|ARM.ActiveCfg = Debug|ARM
		{D16BCBEA-4E9F-4EFC-AF43-049AC659DB8D}.Debug|ARM.Build.0 = Debug|ARM
		{D16BCBEA-4E9F-4EFC-AF43-049AC659DB8D}.Debug|ARM.Deploy.0 = Debug|ARM
		{D16BCBEA-4E9F-4EFC-AF43-049AC659DB8D}.Debug|x64.ActiveCfg = Debug|x64
		{D16BCBEA-4E9F-4EFC-AF43-049AC659DB8D}.Debug|x64.Build.0 = Debug|x64
		{D16BCBEA-4E9F-4EFC-AF43-049AC659DB8D}.Debug|x64.Deploy.0 = Debug|x64
		{D16BCBEA-4E9F-4EFC-AF43-049AC659DB8D}.Debug|x86.ActiveCfg = Debug|x86
		{D16BCBEA-4E9F-4EFC-AF43-049AC659DB8D}.Debug|x86.Build.0 = Debug|x86
		{D16BCBEA-4E9F-4EFC-AF43-049AC659DB8D}.Debug|x86.Deploy.0 = Debug|x86
		{D16BCBEA-4E9F-4EFC-AF43-049AC659DB8D}.Release|Any CPU.ActiveCfg = Release|Any CPU
		{D16BCBEA-4E9F-4EFC-AF43-049AC659DB8D}.Release|Any CPU.Build.0 = Release|Any CPU
		{D16BCBEA-4E9F-4EFC-AF43-049AC659DB8D}.Release|ARM.ActiveCfg = Release|ARM
		{D16BCBEA-4E9F-4EFC-AF43-049AC659DB8D}.Release|ARM.Build.0 = Release|ARM
		{D16BCBEA-4E9F-4EFC-AF43-049AC659DB8D}.Release|ARM.Deploy.0 = Release|ARM
		{D16BCBEA-4E9F-4EFC-AF43-049AC659DB8D}.Release|x64.ActiveCfg = Release|x64
		{D16BCBEA-4E9F-4EFC-AF43-049AC659DB8D}.Release|x64.Build.0 = Release|x64
		{D16BCBEA-4E9F-4EFC-AF43-049AC659DB8D}.Release|x64.Deploy.0 = Release|x64
		{D16BCBEA-4E9F-4EFC-AF43-049AC659DB8D}.Release|x86.ActiveCfg = Release|x86
		{D16BCBEA-4E9F-4EFC-AF43-049AC659DB8D}.Release|x86.Build.0 = Release|x86
		{D16BCBEA-4E9F-4EFC-AF43-049AC659DB8D}.Release|x86.Deploy.0 = Release|x86
		{2FEC2B84-1705-4E4D-B2B1-658E7CE67425}.Debug|Any CPU.ActiveCfg = Debug|Any CPU
		{2FEC2B84-1705-4E4D-B2B1-658E7CE67425}.Debug|Any CPU.Build.0 = Debug|Any CPU
		{2FEC2B84-1705-4E4D-B2B1-658E7CE67425}.Debug|ARM.ActiveCfg = Debug|ARM
		{2FEC2B84-1705-4E4D-B2B1-658E7CE67425}.Debug|ARM.Build.0 = Debug|ARM
		{2FEC2B84-1705-4E4D-B2B1-658E7CE67425}.Debug|x64.ActiveCfg = Debug|Any CPU
		{2FEC2B84-1705-4E4D-B2B1-658E7CE67425}.Debug|x86.ActiveCfg = Debug|x86
		{2FEC2B84-1705-4E4D-B2B1-658E7CE67425}.Debug|x86.Build.0 = Debug|x86
		{2FEC2B84-1705-4E4D-B2B1-658E7CE67425}.Release|Any CPU.ActiveCfg = Release|Any CPU
		{2FEC2B84-1705-4E4D-B2B1-658E7CE67425}.Release|Any CPU.Build.0 = Release|Any CPU
		{2FEC2B84-1705-4E4D-B2B1-658E7CE67425}.Release|ARM.ActiveCfg = Release|ARM
		{2FEC2B84-1705-4E4D-B2B1-658E7CE67425}.Release|ARM.Build.0 = Release|ARM
		{2FEC2B84-1705-4E4D-B2B1-658E7CE67425}.Release|x64.ActiveCfg = Release|Any CPU
		{2FEC2B84-1705-4E4D-B2B1-658E7CE67425}.Release|x86.ActiveCfg = Release|x86
		{2FEC2B84-1705-4E4D-B2B1-658E7CE67425}.Release|x86.Build.0 = Release|x86
		{21BEC963-7B0E-4CA5-A7D7-FA62983B1860}.Debug|Any CPU.ActiveCfg = Debug|Any CPU
		{21BEC963-7B0E-4CA5-A7D7-FA62983B1860}.Debug|Any CPU.Build.0 = Debug|Any CPU
		{21BEC963-7B0E-4CA5-A7D7-FA62983B1860}.Debug|Any CPU.Deploy.0 = Debug|Any CPU
		{21BEC963-7B0E-4CA5-A7D7-FA62983B1860}.Debug|ARM.ActiveCfg = Debug|ARM
		{21BEC963-7B0E-4CA5-A7D7-FA62983B1860}.Debug|ARM.Build.0 = Debug|ARM
		{21BEC963-7B0E-4CA5-A7D7-FA62983B1860}.Debug|ARM.Deploy.0 = Debug|ARM
		{21BEC963-7B0E-4CA5-A7D7-FA62983B1860}.Debug|x64.ActiveCfg = Debug|Any CPU
		{21BEC963-7B0E-4CA5-A7D7-FA62983B1860}.Debug|x86.ActiveCfg = Debug|x86
		{21BEC963-7B0E-4CA5-A7D7-FA62983B1860}.Debug|x86.Build.0 = Debug|x86
		{21BEC963-7B0E-4CA5-A7D7-FA62983B1860}.Debug|x86.Deploy.0 = Debug|x86
		{21BEC963-7B0E-4CA5-A7D7-FA62983B1860}.Release|Any CPU.ActiveCfg = Release|Any CPU
		{21BEC963-7B0E-4CA5-A7D7-FA62983B1860}.Release|Any CPU.Build.0 = Release|Any CPU
		{21BEC963-7B0E-4CA5-A7D7-FA62983B1860}.Release|Any CPU.Deploy.0 = Release|Any CPU
		{21BEC963-7B0E-4CA5-A7D7-FA62983B1860}.Release|ARM.ActiveCfg = Release|ARM
		{21BEC963-7B0E-4CA5-A7D7-FA62983B1860}.Release|ARM.Build.0 = Release|ARM
		{21BEC963-7B0E-4CA5-A7D7-FA62983B1860}.Release|ARM.Deploy.0 = Release|ARM
		{21BEC963-7B0E-4CA5-A7D7-FA62983B1860}.Release|x64.ActiveCfg = Release|Any CPU
		{21BEC963-7B0E-4CA5-A7D7-FA62983B1860}.Release|x86.ActiveCfg = Release|x86
		{21BEC963-7B0E-4CA5-A7D7-FA62983B1860}.Release|x86.Build.0 = Release|x86
		{21BEC963-7B0E-4CA5-A7D7-FA62983B1860}.Release|x86.Deploy.0 = Release|x86
		{4BDD7F10-238D-4915-8CE2-D53FCD69CD74}.Debug|Any CPU.ActiveCfg = Debug|Any CPU
		{4BDD7F10-238D-4915-8CE2-D53FCD69CD74}.Debug|Any CPU.Build.0 = Debug|Any CPU
		{4BDD7F10-238D-4915-8CE2-D53FCD69CD74}.Debug|Any CPU.Deploy.0 = Debug|Any CPU
		{4BDD7F10-238D-4915-8CE2-D53FCD69CD74}.Debug|ARM.ActiveCfg = Debug|ARM
		{4BDD7F10-238D-4915-8CE2-D53FCD69CD74}.Debug|ARM.Build.0 = Debug|ARM
		{4BDD7F10-238D-4915-8CE2-D53FCD69CD74}.Debug|ARM.Deploy.0 = Debug|ARM
		{4BDD7F10-238D-4915-8CE2-D53FCD69CD74}.Debug|x64.ActiveCfg = Debug|x64
		{4BDD7F10-238D-4915-8CE2-D53FCD69CD74}.Debug|x64.Build.0 = Debug|x64
		{4BDD7F10-238D-4915-8CE2-D53FCD69CD74}.Debug|x64.Deploy.0 = Debug|x64
		{4BDD7F10-238D-4915-8CE2-D53FCD69CD74}.Debug|x86.ActiveCfg = Debug|x86
		{4BDD7F10-238D-4915-8CE2-D53FCD69CD74}.Debug|x86.Build.0 = Debug|x86
		{4BDD7F10-238D-4915-8CE2-D53FCD69CD74}.Debug|x86.Deploy.0 = Debug|x86
		{4BDD7F10-238D-4915-8CE2-D53FCD69CD74}.Release|Any CPU.ActiveCfg = Release|Any CPU
		{4BDD7F10-238D-4915-8CE2-D53FCD69CD74}.Release|Any CPU.Build.0 = Release|Any CPU
		{4BDD7F10-238D-4915-8CE2-D53FCD69CD74}.Release|Any CPU.Deploy.0 = Release|Any CPU
		{4BDD7F10-238D-4915-8CE2-D53FCD69CD74}.Release|ARM.ActiveCfg = Release|ARM
		{4BDD7F10-238D-4915-8CE2-D53FCD69CD74}.Release|ARM.Build.0 = Release|ARM
		{4BDD7F10-238D-4915-8CE2-D53FCD69CD74}.Release|ARM.Deploy.0 = Release|ARM
		{4BDD7F10-238D-4915-8CE2-D53FCD69CD74}.Release|x64.ActiveCfg = Release|x64
		{4BDD7F10-238D-4915-8CE2-D53FCD69CD74}.Release|x64.Build.0 = Release|x64
		{4BDD7F10-238D-4915-8CE2-D53FCD69CD74}.Release|x64.Deploy.0 = Release|x64
		{4BDD7F10-238D-4915-8CE2-D53FCD69CD74}.Release|x86.ActiveCfg = Release|x86
		{4BDD7F10-238D-4915-8CE2-D53FCD69CD74}.Release|x86.Build.0 = Release|x86
		{4BDD7F10-238D-4915-8CE2-D53FCD69CD74}.Release|x86.Deploy.0 = Release|x86
	EndGlobalSection
	GlobalSection(SolutionProperties) = preSolution
		HideSolutionNode = FALSE
	EndGlobalSection
EndGlobal
